
Microsoft Visual Studio Solution File, Format Version 12.00
# Visual Studio Version 16
VisualStudioVersion = 16.0.29424.173
MinimumVisualStudioVersion = 10.0.40219.1
Project("{9A19103F-16F7-4668-BE54-9A1E7A4F7556}") = "landmark-remark", "landmark-remark.csproj", "{89AA42B1-2A1A-4FB3-9BF0-C0CA7454D4B9}"
EndProject
Project("{FAE04EC0-301F-11D3-BF4B-00C04F79EFBC}") = "landmark-remark.tests", "landmark-remark.tests\landmark-remark.tests.csproj", "{81026B02-2DB9-4664-B75E-EF34BA3ADBB0}"
EndProject
Global
	GlobalSection(SolutionConfigurationPlatforms) = preSolution
		Debug|Any CPU = Debug|Any CPU
		Release|Any CPU = Release|Any CPU
	EndGlobalSection
	GlobalSection(ProjectConfigurationPlatforms) = postSolution
		{89AA42B1-2A1A-4FB3-9BF0-C0CA7454D4B9}.Debug|Any CPU.ActiveCfg = Debug|Any CPU
		{89AA42B1-2A1A-4FB3-9BF0-C0CA7454D4B9}.Debug|Any CPU.Build.0 = Debug|Any CPU
		{89AA42B1-2A1A-4FB3-9BF0-C0CA7454D4B9}.Release|Any CPU.ActiveCfg = Release|Any CPU
		{89AA42B1-2A1A-4FB3-9BF0-C0CA7454D4B9}.Release|Any CPU.Build.0 = Release|Any CPU
		{81026B02-2DB9-4664-B75E-EF34BA3ADBB0}.Debug|Any CPU.ActiveCfg = Debug|Any CPU
		{81026B02-2DB9-4664-B75E-EF34BA3ADBB0}.Debug|Any CPU.Build.0 = Debug|Any CPU
		{81026B02-2DB9-4664-B75E-EF34BA3ADBB0}.Release|Any CPU.ActiveCfg = Release|Any CPU
		{81026B02-2DB9-4664-B75E-EF34BA3ADBB0}.Release|Any CPU.Build.0 = Release|Any CPU
	EndGlobalSection
	GlobalSection(SolutionProperties) = preSolution
		HideSolutionNode = FALSE
	EndGlobalSection
	GlobalSection(ExtensibilityGlobals) = postSolution
		SolutionGuid = {F581C63D-253E-423F-972A-C4B8F4E940EF}
	EndGlobalSection
EndGlobal
